
Microsoft Visual Studio Solution File, Format Version 12.00
# Visual Studio Version 17
VisualStudioVersion = 17.8.34309.116
MinimumVisualStudioVersion = 10.0.40219.1
Project("{FAE04EC0-301F-11D3-BF4B-00C04F79EFBC}") = "SQLforTelegramBot", "SQLforTelegramBot\SQLforTelegramBot.csproj", "{31111F14-DCF3-48E8-AE72-81EB88316373}"
EndProject
Global
	GlobalSection(SolutionConfigurationPlatforms) = preSolution
		Debug|Any CPU = Debug|Any CPU
		Release|Any CPU = Release|Any CPU
	EndGlobalSection
	GlobalSection(ProjectConfigurationPlatforms) = postSolution
		{31111F14-DCF3-48E8-AE72-81EB88316373}.Debug|Any CPU.ActiveCfg = Debug|Any CPU
		{31111F14-DCF3-48E8-AE72-81EB88316373}.Debug|Any CPU.Build.0 = Debug|Any CPU
		{31111F14-DCF3-48E8-AE72-81EB88316373}.Release|Any CPU.ActiveCfg = Release|Any CPU
		{31111F14-DCF3-48E8-AE72-81EB88316373}.Release|Any CPU.Build.0 = Release|Any CPU
	EndGlobalSection
	GlobalSection(SolutionProperties) = preSolution
		HideSolutionNode = FALSE
	EndGlobalSection
	GlobalSection(ExtensibilityGlobals) = postSolution
		SolutionGuid = {40162324-F48B-467C-96EA-8FBA1B592839}
	EndGlobalSection
EndGlobal
